
Microsoft Visual Studio Solution File, Format Version 12.00
# Visual Studio Version 17
VisualStudioVersion = 17.10.35122.118
MinimumVisualStudioVersion = 10.0.40219.1
Project("{9A19103F-16F7-4668-BE54-9A1E7A4F7556}") = "PTEducation.API", "PTEducation.API\PTEducation.API.csproj", "{21737309-2B76-437C-8FBD-835B69D5D6E1}"
EndProject
Project("{9A19103F-16F7-4668-BE54-9A1E7A4F7556}") = "PTEducation.Data", "PTEducation.Data\PTEducation.Data.csproj", "{171904A3-5315-4AAB-9620-B1EE5A9AFA64}"
EndProject
Project("{9A19103F-16F7-4668-BE54-9A1E7A4F7556}") = "PTEducation.Business", "PTEducation.Business\PTEducation.Business.csproj", "{B76ED9D7-0A8A-4E70-93FC-032332F84C9A}"
EndProject
Global
	GlobalSection(SolutionConfigurationPlatforms) = preSolution
		Debug|Any CPU = Debug|Any CPU
		Release|Any CPU = Release|Any CPU
	EndGlobalSection
	GlobalSection(ProjectConfigurationPlatforms) = postSolution
		{21737309-2B76-437C-8FBD-835B69D5D6E1}.Debug|Any CPU.ActiveCfg = Debug|Any CPU
		{21737309-2B76-437C-8FBD-835B69D5D6E1}.Debug|Any CPU.Build.0 = Debug|Any CPU
		{21737309-2B76-437C-8FBD-835B69D5D6E1}.Release|Any CPU.ActiveCfg = Release|Any CPU
		{21737309-2B76-437C-8FBD-835B69D5D6E1}.Release|Any CPU.Build.0 = Release|Any CPU
		{171904A3-5315-4AAB-9620-B1EE5A9AFA64}.Debug|Any CPU.ActiveCfg = Debug|Any CPU
		{171904A3-5315-4AAB-9620-B1EE5A9AFA64}.Debug|Any CPU.Build.0 = Debug|Any CPU
		{171904A3-5315-4AAB-9620-B1EE5A9AFA64}.Release|Any CPU.ActiveCfg = Release|Any CPU
		{171904A3-5315-4AAB-9620-B1EE5A9AFA64}.Release|Any CPU.Build.0 = Release|Any CPU
		{B76ED9D7-0A8A-4E70-93FC-032332F84C9A}.Debug|Any CPU.ActiveCfg = Debug|Any CPU
		{B76ED9D7-0A8A-4E70-93FC-032332F84C9A}.Debug|Any CPU.Build.0 = Debug|Any CPU
		{B76ED9D7-0A8A-4E70-93FC-032332F84C9A}.Release|Any CPU.ActiveCfg = Release|Any CPU
		{B76ED9D7-0A8A-4E70-93FC-032332F84C9A}.Release|Any CPU.Build.0 = Release|Any CPU
	EndGlobalSection
	GlobalSection(SolutionProperties) = preSolution
		HideSolutionNode = FALSE
	EndGlobalSection
	GlobalSection(ExtensibilityGlobals) = postSolution
		SolutionGuid = {20982FF1-9E59-4C7A-B6D2-FDB859FAFA0C}
	EndGlobalSection
EndGlobal
